
Microsoft Visual Studio Solution File, Format Version 12.00
# Visual Studio Version 17
VisualStudioVersion = 17.14.36119.2 d17.14
MinimumVisualStudioVersion = 10.0.40219.1
Project("{FAE04EC0-301F-11D3-BF4B-00C04F79EFBC}") = "HRM_Backend", "HRM_Backend\HRM_Backend.csproj", "{3AD9C0ED-702D-4DB5-BEFA-97C212643977}"
EndProject
Global
	GlobalSection(SolutionConfigurationPlatforms) = preSolution
		Debug|Any CPU = Debug|Any CPU
		Release|Any CPU = Release|Any CPU
	EndGlobalSection
	GlobalSection(ProjectConfigurationPlatforms) = postSolution
		{3AD9C0ED-702D-4DB5-BEFA-97C212643977}.Debug|Any CPU.ActiveCfg = Debug|Any CPU
		{3AD9C0ED-702D-4DB5-BEFA-97C212643977}.Debug|Any CPU.Build.0 = Debug|Any CPU
		{3AD9C0ED-702D-4DB5-BEFA-97C212643977}.Release|Any CPU.ActiveCfg = Release|Any CPU
		{3AD9C0ED-702D-4DB5-BEFA-97C212643977}.Release|Any CPU.Build.0 = Release|Any CPU
	EndGlobalSection
	GlobalSection(SolutionProperties) = preSolution
		HideSolutionNode = FALSE
	EndGlobalSection
	GlobalSection(ExtensibilityGlobals) = postSolution
		SolutionGuid = {B5850786-7C9D-4DB9-9C58-B33CD5FF14B0}
	EndGlobalSection
EndGlobal
